// !$*UTF8*$!
{
	archiveVersion = 1;
	classes = {
	};
	objectVersion = 56;
	objects = {

/* Begin PBXBuildFile section */
		C9B67F932A0EF87900793AD4 /* BolineExamApp.swift in Sources */ = {isa = PBXBuildFile; fileRef = C9B67F922A0EF87900793AD4 /* BolineExamApp.swift */; };
		C9B67F952A0EF87900793AD4 /* ContentView.swift in Sources */ = {isa = PBXBuildFile; fileRef = C9B67F942A0EF87900793AD4 /* ContentView.swift */; };
		C9B67F972A0EF87A00793AD4 /* Assets.xcassets in Resources */ = {isa = PBXBuildFile; fileRef = C9B67F962A0EF87A00793AD4 /* Assets.xcassets */; };
		C9B67F9A2A0EF87A00793AD4 /* Preview Assets.xcassets in Resources */ = {isa = PBXBuildFile; fileRef = C9B67F992A0EF87A00793AD4 /* Preview Assets.xcassets */; };
		C9B67FA42A0EF9DA00793AD4 /* User.swift in Sources */ = {isa = PBXBuildFile; fileRef = C9B67FA32A0EF9DA00793AD4 /* User.swift */; };
		C9B67FA62A0EF9F400793AD4 /* Products.swift in Sources */ = {isa = PBXBuildFile; fileRef = C9B67FA52A0EF9F400793AD4 /* Products.swift */; };
		C9B67FA82A0EFA0C00793AD4 /* Purchase.swift in Sources */ = {isa = PBXBuildFile; fileRef = C9B67FA72A0EFA0C00793AD4 /* Purchase.swift */; };
		C9B67FAA2A0EFA1900793AD4 /* Sales.swift in Sources */ = {isa = PBXBuildFile; fileRef = C9B67FA92A0EFA1900793AD4 /* Sales.swift */; };
		C9B67FAC2A0EFAA900793AD4 /* UserEditView.swift in Sources */ = {isa = PBXBuildFile; fileRef = C9B67FAB2A0EFAA900793AD4 /* UserEditView.swift */; };
		C9B67FAE2A0EFAE200793AD4 /* UserDetailView.swift in Sources */ = {isa = PBXBuildFile; fileRef = C9B67FAD2A0EFAE200793AD4 /* UserDetailView.swift */; };
		C9B67FB02A0EFB1000793AD4 /* UserViewModel.swift in Sources */ = {isa = PBXBuildFile; fileRef = C9B67FAF2A0EFB1000793AD4 /* UserViewModel.swift */; };
		C9B67FB22A0EFB3100793AD4 /* UserViewModels.swift in Sources */ = {isa = PBXBuildFile; fileRef = C9B67FB12A0EFB3100793AD4 /* UserViewModels.swift */; };
		C9B67FB42A0EFBB300793AD4 /* ProductsViewModel.swift in Sources */ = {isa = PBXBuildFile; fileRef = C9B67FB32A0EFBB300793AD4 /* ProductsViewModel.swift */; };
		C9B67FB62A0EFBC200793AD4 /* ProductsViewModels.swift in Sources */ = {isa = PBXBuildFile; fileRef = C9B67FB52A0EFBC200793AD4 /* ProductsViewModels.swift */; };
		C9B67FB82A0EFBF600793AD4 /* ProductsEditView.swift in Sources */ = {isa = PBXBuildFile; fileRef = C9B67FB72A0EFBF600793AD4 /* ProductsEditView.swift */; };
		C9B67FBA2A0EFC1100793AD4 /* ProductsDetailView.swift in Sources */ = {isa = PBXBuildFile; fileRef = C9B67FB92A0EFC1100793AD4 /* ProductsDetailView.swift */; };
		C9B67FBC2A0EFC3500793AD4 /* PurchaseEditView.swift in Sources */ = {isa = PBXBuildFile; fileRef = C9B67FBB2A0EFC3500793AD4 /* PurchaseEditView.swift */; };
		C9B67FBE2A0EFC9100793AD4 /* PurchaseDetailView.swift in Sources */ = {isa = PBXBuildFile; fileRef = C9B67FBD2A0EFC9100793AD4 /* PurchaseDetailView.swift */; };
		C9B67FC02A0EFCB900793AD4 /* PurchaseViewModel.swift in Sources */ = {isa = PBXBuildFile; fileRef = C9B67FBF2A0EFCB900793AD4 /* PurchaseViewModel.swift */; };
		C9B67FC22A0EFCC400793AD4 /* PurchaseViewModels.swift in Sources */ = {isa = PBXBuildFile; fileRef = C9B67FC12A0EFCC400793AD4 /* PurchaseViewModels.swift */; };
		C9B67FC42A0EFCF100793AD4 /* SalesViewModel.swift in Sources */ = {isa = PBXBuildFile; fileRef = C9B67FC32A0EFCF100793AD4 /* SalesViewModel.swift */; };
		C9B67FC62A0EFCFF00793AD4 /* SalesViewModels.swift in Sources */ = {isa = PBXBuildFile; fileRef = C9B67FC52A0EFCFF00793AD4 /* SalesViewModels.swift */; };
		C9B67FC82A0EFD2700793AD4 /* SalesEditView.swift in Sources */ = {isa = PBXBuildFile; fileRef = C9B67FC72A0EFD2700793AD4 /* SalesEditView.swift */; };
		C9B67FCA2A0EFD4B00793AD4 /* SalesDetailView.swift in Sources */ = {isa = PBXBuildFile; fileRef = C9B67FC92A0EFD4B00793AD4 /* SalesDetailView.swift */; };
		C9B67FCC2A0EFD5C00793AD4 /* Menu.swift in Sources */ = {isa = PBXBuildFile; fileRef = C9B67FCB2A0EFD5C00793AD4 /* Menu.swift */; };
		C9B67FCE2A0EFD6900793AD4 /* Login.swift in Sources */ = {isa = PBXBuildFile; fileRef = C9B67FCD2A0EFD6900793AD4 /* Login.swift */; };
		C9B67FD42A0EFF9B00793AD4 /* FirebaseAuth in Frameworks */ = {isa = PBXBuildFile; productRef = C9B67FD32A0EFF9B00793AD4 /* FirebaseAuth */; };
		C9B67FD62A0EFF9B00793AD4 /* FirebaseFirestore in Frameworks */ = {isa = PBXBuildFile; productRef = C9B67FD52A0EFF9B00793AD4 /* FirebaseFirestore */; };
		C9B67FD82A0EFF9B00793AD4 /* FirebaseFirestoreSwift in Frameworks */ = {isa = PBXBuildFile; productRef = C9B67FD72A0EFF9B00793AD4 /* FirebaseFirestoreSwift */; };
/* End PBXBuildFile section */

/* Begin PBXFileReference section */
		C9B67F8F2A0EF87900793AD4 /* BolineExam.app */ = {isa = PBXFileReference; explicitFileType = wrapper.application; includeInIndex = 0; path = BolineExam.app; sourceTree = BUILT_PRODUCTS_DIR; };
		C9B67F922A0EF87900793AD4 /* BolineExamApp.swift */ = {isa = PBXFileReference; lastKnownFileType = sourcecode.swift; path = BolineExamApp.swift; sourceTree = "<group>"; };
		C9B67F942A0EF87900793AD4 /* ContentView.swift */ = {isa = PBXFileReference; lastKnownFileType = sourcecode.swift; path = ContentView.swift; sourceTree = "<group>"; };
		C9B67F962A0EF87A00793AD4 /* Assets.xcassets */ = {isa = PBXFileReference; lastKnownFileType = folder.assetcatalog; path = Assets.xcassets; sourceTree = "<group>"; };
		C9B67F992A0EF87A00793AD4 /* Preview Assets.xcassets */ = {isa = PBXFileReference; lastKnownFileType = folder.assetcatalog; path = "Preview Assets.xcassets"; sourceTree = "<group>"; };
		C9B67FA32A0EF9DA00793AD4 /* User.swift */ = {isa = PBXFileReference; lastKnownFileType = sourcecode.swift; path = User.swift; sourceTree = "<group>"; };
		C9B67FA52A0EF9F400793AD4 /* Products.swift */ = {isa = PBXFileReference; lastKnownFileType = sourcecode.swift; path = Products.swift; sourceTree = "<group>"; };
		C9B67FA72A0EFA0C00793AD4 /* Purchase.swift */ = {isa = PBXFileReference; lastKnownFileType = sourcecode.swift; path = Purchase.swift; sourceTree = "<group>"; };
		C9B67FA92A0EFA1900793AD4 /* Sales.swift */ = {isa = PBXFileReference; lastKnownFileType = sourcecode.swift; path = Sales.swift; sourceTree = "<group>"; };
		C9B67FAB2A0EFAA900793AD4 /* UserEditView.swift */ = {isa = PBXFileReference; lastKnownFileType = sourcecode.swift; path = UserEditView.swift; sourceTree = "<group>"; };
		C9B67FAD2A0EFAE200793AD4 /* UserDetailView.swift */ = {isa = PBXFileReference; lastKnownFileType = sourcecode.swift; path = UserDetailView.swift; sourceTree = "<group>"; };
		C9B67FAF2A0EFB1000793AD4 /* UserViewModel.swift */ = {isa = PBXFileReference; lastKnownFileType = sourcecode.swift; path = UserViewModel.swift; sourceTree = "<group>"; };
		C9B67FB12A0EFB3100793AD4 /* UserViewModels.swift */ = {isa = PBXFileReference; lastKnownFileType = sourcecode.swift; path = UserViewModels.swift; sourceTree = "<group>"; };
		C9B67FB32A0EFBB300793AD4 /* ProductsViewModel.swift */ = {isa = PBXFileReference; lastKnownFileType = sourcecode.swift; path = ProductsViewModel.swift; sourceTree = "<group>"; };
		C9B67FB52A0EFBC200793AD4 /* ProductsViewModels.swift */ = {isa = PBXFileReference; lastKnownFileType = sourcecode.swift; path = ProductsViewModels.swift; sourceTree = "<group>"; };
		C9B67FB72A0EFBF600793AD4 /* ProductsEditView.swift */ = {isa = PBXFileReference; lastKnownFileType = sourcecode.swift; path = ProductsEditView.swift; sourceTree = "<group>"; };
		C9B67FB92A0EFC1100793AD4 /* ProductsDetailView.swift */ = {isa = PBXFileReference; lastKnownFileType = sourcecode.swift; path = ProductsDetailView.swift; sourceTree = "<group>"; };
		C9B67FBB2A0EFC3500793AD4 /* PurchaseEditView.swift */ = {isa = PBXFileReference; lastKnownFileType = sourcecode.swift; path = PurchaseEditView.swift; sourceTree = "<group>"; };
		C9B67FBD2A0EFC9100793AD4 /* PurchaseDetailView.swift */ = {isa = PBXFileReference; lastKnownFileType = sourcecode.swift; path = PurchaseDetailView.swift; sourceTree = "<group>"; };
		C9B67FBF2A0EFCB900793AD4 /* PurchaseViewModel.swift */ = {isa = PBXFileReference; lastKnownFileType = sourcecode.swift; path = PurchaseViewModel.swift; sourceTree = "<group>"; };
		C9B67FC12A0EFCC400793AD4 /* PurchaseViewModels.swift */ = {isa = PBXFileReference; lastKnownFileType = sourcecode.swift; path = PurchaseViewModels.swift; sourceTree = "<group>"; };
		C9B67FC32A0EFCF100793AD4 /* SalesViewModel.swift */ = {isa = PBXFileReference; lastKnownFileType = sourcecode.swift; path = SalesViewModel.swift; sourceTree = "<group>"; };
		C9B67FC52A0EFCFF00793AD4 /* SalesViewModels.swift */ = {isa = PBXFileReference; lastKnownFileType = sourcecode.swift; path = SalesViewModels.swift; sourceTree = "<group>"; };
		C9B67FC72A0EFD2700793AD4 /* SalesEditView.swift */ = {isa = PBXFileReference; lastKnownFileType = sourcecode.swift; path = SalesEditView.swift; sourceTree = "<group>"; };
		C9B67FC92A0EFD4B00793AD4 /* SalesDetailView.swift */ = {isa = PBXFileReference; lastKnownFileType = sourcecode.swift; path = SalesDetailView.swift; sourceTree = "<group>"; };
		C9B67FCB2A0EFD5C00793AD4 /* Menu.swift */ = {isa = PBXFileReference; lastKnownFileType = sourcecode.swift; path = Menu.swift; sourceTree = "<group>"; };
		C9B67FCD2A0EFD6900793AD4 /* Login.swift */ = {isa = PBXFileReference; lastKnownFileType = sourcecode.swift; path = Login.swift; sourceTree = "<group>"; };
		C9B67FD12A0EFEEB00793AD4 /* GoogleService-Info-2.plist */ = {isa = PBXFileReference; lastKnownFileType = text.plist.xml; path = "GoogleService-Info-2.plist"; sourceTree = "<group>"; };
/* End PBXFileReference section */

/* Begin PBXFrameworksBuildPhase section */
		C9B67F8C2A0EF87900793AD4 /* Frameworks */ = {
			isa = PBXFrameworksBuildPhase;
			buildActionMask = 2147483647;
			files = (
				C9B67FD42A0EFF9B00793AD4 /* FirebaseAuth in Frameworks */,
				C9B67FD62A0EFF9B00793AD4 /* FirebaseFirestore in Frameworks */,
				C9B67FD82A0EFF9B00793AD4 /* FirebaseFirestoreSwift in Frameworks */,
			);
			runOnlyForDeploymentPostprocessing = 0;
		};
/* End PBXFrameworksBuildPhase section */

/* Begin PBXGroup section */
		C9B67F862A0EF87900793AD4 = {
			isa = PBXGroup;
			children = (
				C9B67F912A0EF87900793AD4 /* BolineExam */,
				C9B67F902A0EF87900793AD4 /* Products */,
			);
			sourceTree = "<group>";
		};
		C9B67F902A0EF87900793AD4 /* Products */ = {
			isa = PBXGroup;
			children = (
				C9B67F8F2A0EF87900793AD4 /* BolineExam.app */,
			);
			name = Products;
			sourceTree = "<group>";
		};
		C9B67F912A0EF87900793AD4 /* BolineExam */ = {
			isa = PBXGroup;
			children = (
				C9B67FA22A0EF9A300793AD4 /* View */,
				C9B67FA12A0EF99800793AD4 /* ViewModels */,
				C9B67FA02A0EF98100793AD4 /* Models */,
				C9B67F922A0EF87900793AD4 /* BolineExamApp.swift */,
				C9B67F942A0EF87900793AD4 /* ContentView.swift */,
				C9B67FD12A0EFEEB00793AD4 /* GoogleService-Info-2.plist */,
				C9B67F962A0EF87A00793AD4 /* Assets.xcassets */,
				C9B67F982A0EF87A00793AD4 /* Preview Content */,
			);
			path = BolineExam;
			sourceTree = "<group>";
		};
		C9B67F982A0EF87A00793AD4 /* Preview Content */ = {
			isa = PBXGroup;
			children = (
				C9B67F992A0EF87A00793AD4 /* Preview Assets.xcassets */,
			);
			path = "Preview Content";
			sourceTree = "<group>";
		};
		C9B67FA02A0EF98100793AD4 /* Models */ = {
			isa = PBXGroup;
			children = (
				C9B67FA32A0EF9DA00793AD4 /* User.swift */,
				C9B67FA52A0EF9F400793AD4 /* Products.swift */,
				C9B67FA72A0EFA0C00793AD4 /* Purchase.swift */,
				C9B67FA92A0EFA1900793AD4 /* Sales.swift */,
			);
			path = Models;
			sourceTree = "<group>";
		};
		C9B67FA12A0EF99800793AD4 /* ViewModels */ = {
			isa = PBXGroup;
			children = (
				C9B67FAF2A0EFB1000793AD4 /* UserViewModel.swift */,
				C9B67FB12A0EFB3100793AD4 /* UserViewModels.swift */,
				C9B67FB32A0EFBB300793AD4 /* ProductsViewModel.swift */,
				C9B67FB52A0EFBC200793AD4 /* ProductsViewModels.swift */,
				C9B67FBF2A0EFCB900793AD4 /* PurchaseViewModel.swift */,
				C9B67FC12A0EFCC400793AD4 /* PurchaseViewModels.swift */,
				C9B67FC32A0EFCF100793AD4 /* SalesViewModel.swift */,
				C9B67FC52A0EFCFF00793AD4 /* SalesViewModels.swift */,
			);
			path = ViewModels;
			sourceTree = "<group>";
		};
		C9B67FA22A0EF9A300793AD4 /* View */ = {
			isa = PBXGroup;
			children = (
				C9B67FBB2A0EFC3500793AD4 /* PurchaseEditView.swift */,
				C9B67FAB2A0EFAA900793AD4 /* UserEditView.swift */,
				C9B67FAD2A0EFAE200793AD4 /* UserDetailView.swift */,
				C9B67FB72A0EFBF600793AD4 /* ProductsEditView.swift */,
				C9B67FB92A0EFC1100793AD4 /* ProductsDetailView.swift */,
				C9B67FBD2A0EFC9100793AD4 /* PurchaseDetailView.swift */,
				C9B67FC72A0EFD2700793AD4 /* SalesEditView.swift */,
				C9B67FC92A0EFD4B00793AD4 /* SalesDetailView.swift */,
				C9B67FCB2A0EFD5C00793AD4 /* Menu.swift */,
				C9B67FCD2A0EFD6900793AD4 /* Login.swift */,
			);
			path = View;
			sourceTree = "<group>";
		};
/* End PBXGroup section */

/* Begin PBXNativeTarget section */
		C9B67F8E2A0EF87900793AD4 /* BolineExam */ = {
			isa = PBXNativeTarget;
			buildConfigurationList = C9B67F9D2A0EF87A00793AD4 /* Build configuration list for PBXNativeTarget "BolineExam" */;
			buildPhases = (
				C9B67F8B2A0EF87900793AD4 /* Sources */,
				C9B67F8C2A0EF87900793AD4 /* Frameworks */,
				C9B67F8D2A0EF87900793AD4 /* Resources */,
			);
			buildRules = (
			);
			dependencies = (
			);
			name = BolineExam;
			packageProductDependencies = (
				C9B67FD32A0EFF9B00793AD4 /* FirebaseAuth */,
				C9B67FD52A0EFF9B00793AD4 /* FirebaseFirestore */,
				C9B67FD72A0EFF9B00793AD4 /* FirebaseFirestoreSwift */,
			);
			productName = BolineExam;
			productReference = C9B67F8F2A0EF87900793AD4 /* BolineExam.app */;
			productType = "com.apple.product-type.application";
		};
/* End PBXNativeTarget section */

/* Begin PBXProject section */
		C9B67F872A0EF87900793AD4 /* Project object */ = {
			isa = PBXProject;
			attributes = {
				BuildIndependentTargetsInParallel = 1;
				LastSwiftUpdateCheck = 1420;
				LastUpgradeCheck = 1420;
				TargetAttributes = {
					C9B67F8E2A0EF87900793AD4 = {
						CreatedOnToolsVersion = 14.2;
					};
				};
			};
			buildConfigurationList = C9B67F8A2A0EF87900793AD4 /* Build configuration list for PBXProject "BolineExam" */;
			compatibilityVersion = "Xcode 14.0";
			developmentRegion = en;
			hasScannedForEncodings = 0;
			knownRegions = (
				en,
				Base,
			);
			mainGroup = C9B67F862A0EF87900793AD4;
			packageReferences = (
				C9B67FD22A0EFF9B00793AD4 /* XCRemoteSwiftPackageReference "firebase-ios-sdk" */,
			);
			productRefGroup = C9B67F902A0EF87900793AD4 /* Products */;
			projectDirPath = "";
			projectRoot = "";
			targets = (
				C9B67F8E2A0EF87900793AD4 /* BolineExam */,
			);
		};
/* End PBXProject section */

/* Begin PBXResourcesBuildPhase section */
		C9B67F8D2A0EF87900793AD4 /* Resources */ = {
			isa = PBXResourcesBuildPhase;
			buildActionMask = 2147483647;
			files = (
				C9B67F9A2A0EF87A00793AD4 /* Preview Assets.xcassets in Resources */,
				C9B67F972A0EF87A00793AD4 /* Assets.xcassets in Resources */,
			);
			runOnlyForDeploymentPostprocessing = 0;
		};
/* End PBXResourcesBuildPhase section */

/* Begin PBXSourcesBuildPhase section */
		C9B67F8B2A0EF87900793AD4 /* Sources */ = {
			isa = PBXSourcesBuildPhase;
			buildActionMask = 2147483647;
			files = (
				C9B67F952A0EF87900793AD4 /* ContentView.swift in Sources */,
				C9B67FB42A0EFBB300793AD4 /* ProductsViewModel.swift in Sources */,
				C9B67FA82A0EFA0C00793AD4 /* Purchase.swift in Sources */,
				C9B67FC62A0EFCFF00793AD4 /* SalesViewModels.swift in Sources */,
				C9B67FBA2A0EFC1100793AD4 /* ProductsDetailView.swift in Sources */,
				C9B67FAA2A0EFA1900793AD4 /* Sales.swift in Sources */,
				C9B67FCA2A0EFD4B00793AD4 /* SalesDetailView.swift in Sources */,
				C9B67FC22A0EFCC400793AD4 /* PurchaseViewModels.swift in Sources */,
				C9B67FB22A0EFB3100793AD4 /* UserViewModels.swift in Sources */,
				C9B67FAC2A0EFAA900793AD4 /* UserEditView.swift in Sources */,
				C9B67FB62A0EFBC200793AD4 /* ProductsViewModels.swift in Sources */,
				C9B67FB82A0EFBF600793AD4 /* ProductsEditView.swift in Sources */,
				C9B67FAE2A0EFAE200793AD4 /* UserDetailView.swift in Sources */,
				C9B67FBC2A0EFC3500793AD4 /* PurchaseEditView.swift in Sources */,
				C9B67FCC2A0EFD5C00793AD4 /* Menu.swift in Sources */,
				C9B67FCE2A0EFD6900793AD4 /* Login.swift in Sources */,
				C9B67FC82A0EFD2700793AD4 /* SalesEditView.swift in Sources */,
				C9B67FC02A0EFCB900793AD4 /* PurchaseViewModel.swift in Sources */,
				C9B67FA62A0EF9F400793AD4 /* Products.swift in Sources */,
				C9B67FBE2A0EFC9100793AD4 /* PurchaseDetailView.swift in Sources */,
				C9B67F932A0EF87900793AD4 /* BolineExamApp.swift in Sources */,
				C9B67FB02A0EFB1000793AD4 /* UserViewModel.swift in Sources */,
				C9B67FA42A0EF9DA00793AD4 /* User.swift in Sources */,
				C9B67FC42A0EFCF100793AD4 /* SalesViewModel.swift in Sources */,
			);
			runOnlyForDeploymentPostprocessing = 0;
		};
/* End PBXSourcesBuildPhase section */

/* Begin XCBuildConfiguration section */
		C9B67F9B2A0EF87A00793AD4 /* Debug */ = {
			isa = XCBuildConfiguration;
			buildSettings = {
				ALWAYS_SEARCH_USER_PATHS = NO;
				CLANG_ANALYZER_NONNULL = YES;
				CLANG_ANALYZER_NUMBER_OBJECT_CONVERSION = YES_AGGRESSIVE;
				CLANG_CXX_LANGUAGE_STANDARD = "gnu++20";
				CLANG_ENABLE_MODULES = YES;
				CLANG_ENABLE_OBJC_ARC = YES;
				CLANG_ENABLE_OBJC_WEAK = YES;
				CLANG_WARN_BLOCK_CAPTURE_AUTORELEASING = YES;
				CLANG_WARN_BOOL_CONVERSION = YES;
				CLANG_WARN_COMMA = YES;
				CLANG_WARN_CONSTANT_CONVERSION = YES;
				CLANG_WARN_DEPRECATED_OBJC_IMPLEMENTATIONS = YES;
				CLANG_WARN_DIRECT_OBJC_ISA_USAGE = YES_ERROR;
				CLANG_WARN_DOCUMENTATION_COMMENTS = YES;
				CLANG_WARN_EMPTY_BODY = YES;
				CLANG_WARN_ENUM_CONVERSION = YES;
				CLANG_WARN_INFINITE_RECURSION = YES;
				CLANG_WARN_INT_CONVERSION = YES;
				CLANG_WARN_NON_LITERAL_NULL_CONVERSION = YES;
				CLANG_WARN_OBJC_IMPLICIT_RETAIN_SELF = YES;
				CLANG_WARN_OBJC_LITERAL_CONVERSION = YES;
				CLANG_WARN_OBJC_ROOT_CLASS = YES_ERROR;
				CLANG_WARN_QUOTED_INCLUDE_IN_FRAMEWORK_HEADER = YES;
				CLANG_WARN_RANGE_LOOP_ANALYSIS = YES;
				CLANG_WARN_STRICT_PROTOTYPES = YES;
				CLANG_WARN_SUSPICIOUS_MOVE = YES;
				CLANG_WARN_UNGUARDED_AVAILABILITY = YES_AGGRESSIVE;
				CLANG_WARN_UNREACHABLE_CODE = YES;
				CLANG_WARN__DUPLICATE_METHOD_MATCH = YES;
				COPY_PHASE_STRIP = NO;
				DEBUG_INFORMATION_FORMAT = dwarf;
				ENABLE_STRICT_OBJC_MSGSEND = YES;
				ENABLE_TESTABILITY = YES;
				GCC_C_LANGUAGE_STANDARD = gnu11;
				GCC_DYNAMIC_NO_PIC = NO;
				GCC_NO_COMMON_BLOCKS = YES;
				GCC_OPTIMIZATION_LEVEL = 0;
				GCC_PREPROCESSOR_DEFINITIONS = (
					"DEBUG=1",
					"$(inherited)",
				);
				GCC_WARN_64_TO_32_BIT_CONVERSION = YES;
				GCC_WARN_ABOUT_RETURN_TYPE = YES_ERROR;
				GCC_WARN_UNDECLARED_SELECTOR = YES;
				GCC_WARN_UNINITIALIZED_AUTOS = YES_AGGRESSIVE;
				GCC_WARN_UNUSED_FUNCTION = YES;
				GCC_WARN_UNUSED_VARIABLE = YES;
				IPHONEOS_DEPLOYMENT_TARGET = 16.2;
				MTL_ENABLE_DEBUG_INFO = INCLUDE_SOURCE;
				MTL_FAST_MATH = YES;
				ONLY_ACTIVE_ARCH = YES;
				SDKROOT = iphoneos;
				SWIFT_ACTIVE_COMPILATION_CONDITIONS = DEBUG;
				SWIFT_OPTIMIZATION_LEVEL = "-Onone";
			};
			name = Debug;
		};
		C9B67F9C2A0EF87A00793AD4 /* Release */ = {
			isa = XCBuildConfiguration;
			buildSettings = {
				ALWAYS_SEARCH_USER_PATHS = NO;
				CLANG_ANALYZER_NONNULL = YES;
				CLANG_ANALYZER_NUMBER_OBJECT_CONVERSION = YES_AGGRESSIVE;
				CLANG_CXX_LANGUAGE_STANDARD = "gnu++20";
				CLANG_ENABLE_MODULES = YES;
				CLANG_ENABLE_OBJC_ARC = YES;
				CLANG_ENABLE_OBJC_WEAK = YES;
				CLANG_WARN_BLOCK_CAPTURE_AUTORELEASING = YES;
				CLANG_WARN_BOOL_CONVERSION = YES;
				CLANG_WARN_COMMA = YES;
				CLANG_WARN_CONSTANT_CONVERSION = YES;
				CLANG_WARN_DEPRECATED_OBJC_IMPLEMENTATIONS = YES;
				CLANG_WARN_DIRECT_OBJC_ISA_USAGE = YES_ERROR;
				CLANG_WARN_DOCUMENTATION_COMMENTS = YES;
				CLANG_WARN_EMPTY_BODY = YES;
				CLANG_WARN_ENUM_CONVERSION = YES;
				CLANG_WARN_INFINITE_RECURSION = YES;
				CLANG_WARN_INT_CONVERSION = YES;
				CLANG_WARN_NON_LITERAL_NULL_CONVERSION = YES;
				CLANG_WARN_OBJC_IMPLICIT_RETAIN_SELF = YES;
				CLANG_WARN_OBJC_LITERAL_CONVERSION = YES;
				CLANG_WARN_OBJC_ROOT_CLASS = YES_ERROR;
				CLANG_WARN_QUOTED_INCLUDE_IN_FRAMEWORK_HEADER = YES;
				CLANG_WARN_RANGE_LOOP_ANALYSIS = YES;
				CLANG_WARN_STRICT_PROTOTYPES = YES;
				CLANG_WARN_SUSPICIOUS_MOVE = YES;
				CLANG_WARN_UNGUARDED_AVAILABILITY = YES_AGGRESSIVE;
				CLANG_WARN_UNREACHABLE_CODE = YES;
				CLANG_WARN__DUPLICATE_METHOD_MATCH = YES;
				COPY_PHASE_STRIP = NO;
				DEBUG_INFORMATION_FORMAT = "dwarf-with-dsym";
				ENABLE_NS_ASSERTIONS = NO;
				ENABLE_STRICT_OBJC_MSGSEND = YES;
				GCC_C_LANGUAGE_STANDARD = gnu11;
				GCC_NO_COMMON_BLOCKS = YES;
				GCC_WARN_64_TO_32_BIT_CONVERSION = YES;
				GCC_WARN_ABOUT_RETURN_TYPE = YES_ERROR;
				GCC_WARN_UNDECLARED_SELECTOR = YES;
				GCC_WARN_UNINITIALIZED_AUTOS = YES_AGGRESSIVE;
				GCC_WARN_UNUSED_FUNCTION = YES;
				GCC_WARN_UNUSED_VARIABLE = YES;
				IPHONEOS_DEPLOYMENT_TARGET = 16.2;
				MTL_ENABLE_DEBUG_INFO = NO;
				MTL_FAST_MATH = YES;
				SDKROOT = iphoneos;
				SWIFT_COMPILATION_MODE = wholemodule;
				SWIFT_OPTIMIZATION_LEVEL = "-O";
				VALIDATE_PRODUCT = YES;
			};
			name = Release;
		};
		C9B67F9E2A0EF87A00793AD4 /* Debug */ = {
			isa = XCBuildConfiguration;
			buildSettings = {
				ASSETCATALOG_COMPILER_APPICON_NAME = AppIcon;
				ASSETCATALOG_COMPILER_GLOBAL_ACCENT_COLOR_NAME = AccentColor;
				CODE_SIGN_STYLE = Automatic;
				CURRENT_PROJECT_VERSION = 1;
				DEVELOPMENT_ASSET_PATHS = "\"BolineExam/Preview Content\"";
				ENABLE_PREVIEWS = YES;
				GENERATE_INFOPLIST_FILE = YES;
				INFOPLIST_KEY_UIApplicationSceneManifest_Generation = YES;
				INFOPLIST_KEY_UIApplicationSupportsIndirectInputEvents = YES;
				INFOPLIST_KEY_UILaunchScreen_Generation = YES;
				INFOPLIST_KEY_UISupportedInterfaceOrientations_iPad = "UIInterfaceOrientationPortrait UIInterfaceOrientationPortraitUpsideDown UIInterfaceOrientationLandscapeLeft UIInterfaceOrientationLandscapeRight";
				INFOPLIST_KEY_UISupportedInterfaceOrientations_iPhone = "UIInterfaceOrientationPortrait UIInterfaceOrientationLandscapeLeft UIInterfaceOrientationLandscapeRight";
				LD_RUNPATH_SEARCH_PATHS = (
					"$(inherited)",
					"@executable_path/Frameworks",
				);
				MARKETING_VERSION = 1.0;
				PRODUCT_BUNDLE_IDENTIFIER = com.joseph.BolineExam;
				PRODUCT_NAME = "$(TARGET_NAME)";
				SWIFT_EMIT_LOC_STRINGS = YES;
				SWIFT_VERSION = 5.0;
				TARGETED_DEVICE_FAMILY = "1,2";
			};
			name = Debug;
		};
		C9B67F9F2A0EF87A00793AD4 /* Release */ = {
			isa = XCBuildConfiguration;
			buildSettings = {
				ASSETCATALOG_COMPILER_APPICON_NAME = AppIcon;
				ASSETCATALOG_COMPILER_GLOBAL_ACCENT_COLOR_NAME = AccentColor;
				CODE_SIGN_STYLE = Automatic;
				CURRENT_PROJECT_VERSION = 1;
				DEVELOPMENT_ASSET_PATHS = "\"BolineExam/Preview Content\"";
				ENABLE_PREVIEWS = YES;
				GENERATE_INFOPLIST_FILE = YES;
				INFOPLIST_KEY_UIApplicationSceneManifest_Generation = YES;
				INFOPLIST_KEY_UIApplicationSupportsIndirectInputEvents = YES;
				INFOPLIST_KEY_UILaunchScreen_Generation = YES;
				INFOPLIST_KEY_UISupportedInterfaceOrientations_iPad = "UIInterfaceOrientationPortrait UIInterfaceOrientationPortraitUpsideDown UIInterfaceOrientationLandscapeLeft UIInterfaceOrientationLandscapeRight";
				INFOPLIST_KEY_UISupportedInterfaceOrientations_iPhone = "UIInterfaceOrientationPortrait UIInterfaceOrientationLandscapeLeft UIInterfaceOrientationLandscapeRight";
				LD_RUNPATH_SEARCH_PATHS = (
					"$(inherited)",
					"@executable_path/Frameworks",
				);
				MARKETING_VERSION = 1.0;
				PRODUCT_BUNDLE_IDENTIFIER = com.joseph.BolineExam;
				PRODUCT_NAME = "$(TARGET_NAME)";
				SWIFT_EMIT_LOC_STRINGS = YES;
				SWIFT_VERSION = 5.0;
				TARGETED_DEVICE_FAMILY = "1,2";
			};
			name = Release;
		};
/* End XCBuildConfiguration section */

/* Begin XCConfigurationList section */
		C9B67F8A2A0EF87900793AD4 /* Build configuration list for PBXProject "BolineExam" */ = {
			isa = XCConfigurationList;
			buildConfigurations = (
				C9B67F9B2A0EF87A00793AD4 /* Debug */,
				C9B67F9C2A0EF87A00793AD4 /* Release */,
			);
			defaultConfigurationIsVisible = 0;
			defaultConfigurationName = Release;
		};
		C9B67F9D2A0EF87A00793AD4 /* Build configuration list for PBXNativeTarget "BolineExam" */ = {
			isa = XCConfigurationList;
			buildConfigurations = (
				C9B67F9E2A0EF87A00793AD4 /* Debug */,
				C9B67F9F2A0EF87A00793AD4 /* Release */,
			);
			defaultConfigurationIsVisible = 0;
			defaultConfigurationName = Release;
		};
/* End XCConfigurationList section */

/* Begin XCRemoteSwiftPackageReference section */
		C9B67FD22A0EFF9B00793AD4 /* XCRemoteSwiftPackageReference "firebase-ios-sdk" */ = {
			isa = XCRemoteSwiftPackageReference;
			repositoryURL = "https://github.com/firebase/firebase-ios-sdk";
			requirement = {
				branch = master;
				kind = branch;
			};
		};
/* End XCRemoteSwiftPackageReference section */

/* Begin XCSwiftPackageProductDependency section */
		C9B67FD32A0EFF9B00793AD4 /* FirebaseAuth */ = {
			isa = XCSwiftPackageProductDependency;
			package = C9B67FD22A0EFF9B00793AD4 /* XCRemoteSwiftPackageReference "firebase-ios-sdk" */;
			productName = FirebaseAuth;
		};
		C9B67FD52A0EFF9B00793AD4 /* FirebaseFirestore */ = {
			isa = XCSwiftPackageProductDependency;
			package = C9B67FD22A0EFF9B00793AD4 /* XCRemoteSwiftPackageReference "firebase-ios-sdk" */;
			productName = FirebaseFirestore;
		};
		C9B67FD72A0EFF9B00793AD4 /* FirebaseFirestoreSwift */ = {
			isa = XCSwiftPackageProductDependency;
			package = C9B67FD22A0EFF9B00793AD4 /* XCRemoteSwiftPackageReference "firebase-ios-sdk" */;
			productName = FirebaseFirestoreSwift;
		};
/* End XCSwiftPackageProductDependency section */
	};
	rootObject = C9B67F872A0EF87900793AD4 /* Project object */;
}
